// !$*UTF8*$!
{
	archiveVersion = 1;
	classes = {
	};
	objectVersion = 56;
	objects = {

/* Begin PBXBuildFile section */
		CBEA08282AC72FF00047FB95 /* Chat_SecureApp.swift in Sources */ = {isa = PBXBuildFile; fileRef = CBEA08272AC72FF00047FB95 /* Chat_SecureApp.swift */; };
		CBEA082A2AC72FF00047FB95 /* ContentView.swift in Sources */ = {isa = PBXBuildFile; fileRef = CBEA08292AC72FF00047FB95 /* ContentView.swift */; };
		CBEA082C2AC72FF20047FB95 /* Assets.xcassets in Resources */ = {isa = PBXBuildFile; fileRef = CBEA082B2AC72FF20047FB95 /* Assets.xcassets */; };
		CBEA082F2AC72FF20047FB95 /* Preview Assets.xcassets in Resources */ = {isa = PBXBuildFile; fileRef = CBEA082E2AC72FF20047FB95 /* Preview Assets.xcassets */; };
		CBEA08392AC72FF20047FB95 /* Chat_SecureTests.swift in Sources */ = {isa = PBXBuildFile; fileRef = CBEA08382AC72FF20047FB95 /* Chat_SecureTests.swift */; };
		CBEA08432AC72FF20047FB95 /* Chat_SecureUITests.swift in Sources */ = {isa = PBXBuildFile; fileRef = CBEA08422AC72FF20047FB95 /* Chat_SecureUITests.swift */; };
		CBEA08452AC72FF20047FB95 /* Chat_SecureUITestsLaunchTests.swift in Sources */ = {isa = PBXBuildFile; fileRef = CBEA08442AC72FF20047FB95 /* Chat_SecureUITestsLaunchTests.swift */; };
		CBEA08522AC73B0E0047FB95 /* SettingsView.swift in Sources */ = {isa = PBXBuildFile; fileRef = CBEA08512AC73B0E0047FB95 /* SettingsView.swift */; };
/* End PBXBuildFile section */

/* Begin PBXContainerItemProxy section */
		CBEA08352AC72FF20047FB95 /* PBXContainerItemProxy */ = {
			isa = PBXContainerItemProxy;
			containerPortal = CBEA081C2AC72FF00047FB95 /* Project object */;
			proxyType = 1;
			remoteGlobalIDString = CBEA08232AC72FF00047FB95;
			remoteInfo = "Chat Secure";
		};
		CBEA083F2AC72FF20047FB95 /* PBXContainerItemProxy */ = {
			isa = PBXContainerItemProxy;
			containerPortal = CBEA081C2AC72FF00047FB95 /* Project object */;
			proxyType = 1;
			remoteGlobalIDString = CBEA08232AC72FF00047FB95;
			remoteInfo = "Chat Secure";
		};
/* End PBXContainerItemProxy section */

/* Begin PBXFileReference section */
		CBEA08242AC72FF00047FB95 /* Chat Secure.app */ = {isa = PBXFileReference; explicitFileType = wrapper.application; includeInIndex = 0; path = "Chat Secure.app"; sourceTree = BUILT_PRODUCTS_DIR; };
		CBEA08272AC72FF00047FB95 /* Chat_SecureApp.swift */ = {isa = PBXFileReference; lastKnownFileType = sourcecode.swift; path = Chat_SecureApp.swift; sourceTree = "<group>"; };
		CBEA08292AC72FF00047FB95 /* ContentView.swift */ = {isa = PBXFileReference; lastKnownFileType = sourcecode.swift; path = ContentView.swift; sourceTree = "<group>"; };
		CBEA082B2AC72FF20047FB95 /* Assets.xcassets */ = {isa = PBXFileReference; lastKnownFileType = folder.assetcatalog; path = Assets.xcassets; sourceTree = "<group>"; };
		CBEA082E2AC72FF20047FB95 /* Preview Assets.xcassets */ = {isa = PBXFileReference; lastKnownFileType = folder.assetcatalog; path = "Preview Assets.xcassets"; sourceTree = "<group>"; };
		CBEA08342AC72FF20047FB95 /* Chat SecureTests.xctest */ = {isa = PBXFileReference; explicitFileType = wrapper.cfbundle; includeInIndex = 0; path = "Chat SecureTests.xctest"; sourceTree = BUILT_PRODUCTS_DIR; };
		CBEA08382AC72FF20047FB95 /* Chat_SecureTests.swift */ = {isa = PBXFileReference; lastKnownFileType = sourcecode.swift; path = Chat_SecureTests.swift; sourceTree = "<group>"; };
		CBEA083E2AC72FF20047FB95 /* Chat SecureUITests.xctest */ = {isa = PBXFileReference; explicitFileType = wrapper.cfbundle; includeInIndex = 0; path = "Chat SecureUITests.xctest"; sourceTree = BUILT_PRODUCTS_DIR; };
		CBEA08422AC72FF20047FB95 /* Chat_SecureUITests.swift */ = {isa = PBXFileReference; lastKnownFileType = sourcecode.swift; path = Chat_SecureUITests.swift; sourceTree = "<group>"; };
		CBEA08442AC72FF20047FB95 /* Chat_SecureUITestsLaunchTests.swift */ = {isa = PBXFileReference; lastKnownFileType = sourcecode.swift; path = Chat_SecureUITestsLaunchTests.swift; sourceTree = "<group>"; };
		CBEA08512AC73B0E0047FB95 /* SettingsView.swift */ = {isa = PBXFileReference; lastKnownFileType = sourcecode.swift; path = SettingsView.swift; sourceTree = "<group>"; };
/* End PBXFileReference section */

/* Begin PBXFrameworksBuildPhase section */
		CBEA08212AC72FF00047FB95 /* Frameworks */ = {
			isa = PBXFrameworksBuildPhase;
			buildActionMask = 2147483647;
			files = (
			);
			runOnlyForDeploymentPostprocessing = 0;
		};
		CBEA08312AC72FF20047FB95 /* Frameworks */ = {
			isa = PBXFrameworksBuildPhase;
			buildActionMask = 2147483647;
			files = (
			);
			runOnlyForDeploymentPostprocessing = 0;
		};
		CBEA083B2AC72FF20047FB95 /* Frameworks */ = {
			isa = PBXFrameworksBuildPhase;
			buildActionMask = 2147483647;
			files = (
			);
			runOnlyForDeploymentPostprocessing = 0;
		};
/* End PBXFrameworksBuildPhase section */

/* Begin PBXGroup section */
		CBEA081B2AC72FF00047FB95 = {
			isa = PBXGroup;
			children = (
				CBEA08262AC72FF00047FB95 /* Chat Secure */,
				CBEA08372AC72FF20047FB95 /* Chat SecureTests */,
				CBEA08412AC72FF20047FB95 /* Chat SecureUITests */,
				CBEA08252AC72FF00047FB95 /* Products */,
			);
			sourceTree = "<group>";
		};
		CBEA08252AC72FF00047FB95 /* Products */ = {
			isa = PBXGroup;
			children = (
				CBEA08242AC72FF00047FB95 /* Chat Secure.app */,
				CBEA08342AC72FF20047FB95 /* Chat SecureTests.xctest */,
				CBEA083E2AC72FF20047FB95 /* Chat SecureUITests.xctest */,
			);
			name = Products;
			sourceTree = "<group>";
		};
		CBEA08262AC72FF00047FB95 /* Chat Secure */ = {
			isa = PBXGroup;
			children = (
				CBEA08272AC72FF00047FB95 /* Chat_SecureApp.swift */,
				CBEA08292AC72FF00047FB95 /* ContentView.swift */,
				CBEA08512AC73B0E0047FB95 /* SettingsView.swift */,
				CBEA082B2AC72FF20047FB95 /* Assets.xcassets */,
				CBEA082D2AC72FF20047FB95 /* Preview Content */,
			);
			path = "Chat Secure";
			sourceTree = "<group>";
		};
		CBEA082D2AC72FF20047FB95 /* Preview Content */ = {
			isa = PBXGroup;
			children = (
				CBEA082E2AC72FF20047FB95 /* Preview Assets.xcassets */,
			);
			path = "Preview Content";
			sourceTree = "<group>";
		};
		CBEA08372AC72FF20047FB95 /* Chat SecureTests */ = {
			isa = PBXGroup;
			children = (
				CBEA08382AC72FF20047FB95 /* Chat_SecureTests.swift */,
			);
			path = "Chat SecureTests";
			sourceTree = "<group>";
		};
		CBEA08412AC72FF20047FB95 /* Chat SecureUITests */ = {
			isa = PBXGroup;
			children = (
				CBEA08422AC72FF20047FB95 /* Chat_SecureUITests.swift */,
				CBEA08442AC72FF20047FB95 /* Chat_SecureUITestsLaunchTests.swift */,
			);
			path = "Chat SecureUITests";
			sourceTree = "<group>";
		};
/* End PBXGroup section */

/* Begin PBXNativeTarget section */
		CBEA08232AC72FF00047FB95 /* Chat Secure */ = {
			isa = PBXNativeTarget;
			buildConfigurationList = CBEA08482AC72FF20047FB95 /* Build configuration list for PBXNativeTarget "Chat Secure" */;
			buildPhases = (
				CBEA08202AC72FF00047FB95 /* Sources */,
				CBEA08212AC72FF00047FB95 /* Frameworks */,
				CBEA08222AC72FF00047FB95 /* Resources */,
			);
			buildRules = (
			);
			dependencies = (
			);
			name = "Chat Secure";
			productName = "Chat Secure";
			productReference = CBEA08242AC72FF00047FB95 /* Chat Secure.app */;
			productType = "com.apple.product-type.application";
		};
		CBEA08332AC72FF20047FB95 /* Chat SecureTests */ = {
			isa = PBXNativeTarget;
			buildConfigurationList = CBEA084B2AC72FF20047FB95 /* Build configuration list for PBXNativeTarget "Chat SecureTests" */;
			buildPhases = (
				CBEA08302AC72FF20047FB95 /* Sources */,
				CBEA08312AC72FF20047FB95 /* Frameworks */,
				CBEA08322AC72FF20047FB95 /* Resources */,
			);
			buildRules = (
			);
			dependencies = (
				CBEA08362AC72FF20047FB95 /* PBXTargetDependency */,
			);
			name = "Chat SecureTests";
			productName = "Chat SecureTests";
			productReference = CBEA08342AC72FF20047FB95 /* Chat SecureTests.xctest */;
			productType = "com.apple.product-type.bundle.unit-test";
		};
		CBEA083D2AC72FF20047FB95 /* Chat SecureUITests */ = {
			isa = PBXNativeTarget;
			buildConfigurationList = CBEA084E2AC72FF20047FB95 /* Build configuration list for PBXNativeTarget "Chat SecureUITests" */;
			buildPhases = (
				CBEA083A2AC72FF20047FB95 /* Sources */,
				CBEA083B2AC72FF20047FB95 /* Frameworks */,
				CBEA083C2AC72FF20047FB95 /* Resources */,
			);
			buildRules = (
			);
			dependencies = (
				CBEA08402AC72FF20047FB95 /* PBXTargetDependency */,
			);
			name = "Chat SecureUITests";
			productName = "Chat SecureUITests";
			productReference = CBEA083E2AC72FF20047FB95 /* Chat SecureUITests.xctest */;
			productType = "com.apple.product-type.bundle.ui-testing";
		};
/* End PBXNativeTarget section */

/* Begin PBXProject section */
		CBEA081C2AC72FF00047FB95 /* Project object */ = {
			isa = PBXProject;
			attributes = {
				BuildIndependentTargetsInParallel = 1;
				LastSwiftUpdateCheck = 1500;
				LastUpgradeCheck = 1500;
				TargetAttributes = {
					CBEA08232AC72FF00047FB95 = {
						CreatedOnToolsVersion = 15.0;
					};
					CBEA08332AC72FF20047FB95 = {
						CreatedOnToolsVersion = 15.0;
						TestTargetID = CBEA08232AC72FF00047FB95;
					};
					CBEA083D2AC72FF20047FB95 = {
						CreatedOnToolsVersion = 15.0;
						TestTargetID = CBEA08232AC72FF00047FB95;
					};
				};
			};
			buildConfigurationList = CBEA081F2AC72FF00047FB95 /* Build configuration list for PBXProject "Chat Secure" */;
			compatibilityVersion = "Xcode 14.0";
			developmentRegion = en;
			hasScannedForEncodings = 0;
			knownRegions = (
				en,
				Base,
			);
			mainGroup = CBEA081B2AC72FF00047FB95;
			productRefGroup = CBEA08252AC72FF00047FB95 /* Products */;
			projectDirPath = "";
			projectRoot = "";
			targets = (
				CBEA08232AC72FF00047FB95 /* Chat Secure */,
				CBEA08332AC72FF20047FB95 /* Chat SecureTests */,
				CBEA083D2AC72FF20047FB95 /* Chat SecureUITests */,
			);
		};
/* End PBXProject section */

/* Begin PBXResourcesBuildPhase section */
		CBEA08222AC72FF00047FB95 /* Resources */ = {
			isa = PBXResourcesBuildPhase;
			buildActionMask = 2147483647;
			files = (
				CBEA082F2AC72FF20047FB95 /* Preview Assets.xcassets in Resources */,
				CBEA082C2AC72FF20047FB95 /* Assets.xcassets in Resources */,
			);
			runOnlyForDeploymentPostprocessing = 0;
		};
		CBEA08322AC72FF20047FB95 /* Resources */ = {
			isa = PBXResourcesBuildPhase;
			buildActionMask = 2147483647;
			files = (
			);
			runOnlyForDeploymentPostprocessing = 0;
		};
		CBEA083C2AC72FF20047FB95 /* Resources */ = {
			isa = PBXResourcesBuildPhase;
			buildActionMask = 2147483647;
			files = (
			);
			runOnlyForDeploymentPostprocessing = 0;
		};
/* End PBXResourcesBuildPhase section */

/* Begin PBXSourcesBuildPhase section */
		CBEA08202AC72FF00047FB95 /* Sources */ = {
			isa = PBXSourcesBuildPhase;
			buildActionMask = 2147483647;
			files = (
				CBEA08522AC73B0E0047FB95 /* SettingsView.swift in Sources */,
				CBEA082A2AC72FF00047FB95 /* ContentView.swift in Sources */,
				CBEA08282AC72FF00047FB95 /* Chat_SecureApp.swift in Sources */,
			);
			runOnlyForDeploymentPostprocessing = 0;
		};
		CBEA08302AC72FF20047FB95 /* Sources */ = {
			isa = PBXSourcesBuildPhase;
			buildActionMask = 2147483647;
			files = (
				CBEA08392AC72FF20047FB95 /* Chat_SecureTests.swift in Sources */,
			);
			runOnlyForDeploymentPostprocessing = 0;
		};
		CBEA083A2AC72FF20047FB95 /* Sources */ = {
			isa = PBXSourcesBuildPhase;
			buildActionMask = 2147483647;
			files = (
				CBEA08432AC72FF20047FB95 /* Chat_SecureUITests.swift in Sources */,
				CBEA08452AC72FF20047FB95 /* Chat_SecureUITestsLaunchTests.swift in Sources */,
			);
			runOnlyForDeploymentPostprocessing = 0;
		};
/* End PBXSourcesBuildPhase section */

/* Begin PBXTargetDependency section */
		CBEA08362AC72FF20047FB95 /* PBXTargetDependency */ = {
			isa = PBXTargetDependency;
			target = CBEA08232AC72FF00047FB95 /* Chat Secure */;
			targetProxy = CBEA08352AC72FF20047FB95 /* PBXContainerItemProxy */;
		};
		CBEA08402AC72FF20047FB95 /* PBXTargetDependency */ = {
			isa = PBXTargetDependency;
			target = CBEA08232AC72FF00047FB95 /* Chat Secure */;
			targetProxy = CBEA083F2AC72FF20047FB95 /* PBXContainerItemProxy */;
		};
/* End PBXTargetDependency section */

/* Begin XCBuildConfiguration section */
		CBEA08462AC72FF20047FB95 /* Debug */ = {
			isa = XCBuildConfiguration;
			buildSettings = {
				ALWAYS_SEARCH_USER_PATHS = NO;
				ASSETCATALOG_COMPILER_GENERATE_SWIFT_ASSET_SYMBOL_EXTENSIONS = YES;
				CLANG_ANALYZER_NONNULL = YES;
				CLANG_ANALYZER_NUMBER_OBJECT_CONVERSION = YES_AGGRESSIVE;
				CLANG_CXX_LANGUAGE_STANDARD = "gnu++20";
				CLANG_ENABLE_MODULES = YES;
				CLANG_ENABLE_OBJC_ARC = YES;
				CLANG_ENABLE_OBJC_WEAK = YES;
				CLANG_WARN_BLOCK_CAPTURE_AUTORELEASING = YES;
				CLANG_WARN_BOOL_CONVERSION = YES;
				CLANG_WARN_COMMA = YES;
				CLANG_WARN_CONSTANT_CONVERSION = YES;
				CLANG_WARN_DEPRECATED_OBJC_IMPLEMENTATIONS = YES;
				CLANG_WARN_DIRECT_OBJC_ISA_USAGE = YES_ERROR;
				CLANG_WARN_DOCUMENTATION_COMMENTS = YES;
				CLANG_WARN_EMPTY_BODY = YES;
				CLANG_WARN_ENUM_CONVERSION = YES;
				CLANG_WARN_INFINITE_RECURSION = YES;
				CLANG_WARN_INT_CONVERSION = YES;
				CLANG_WARN_NON_LITERAL_NULL_CONVERSION = YES;
				CLANG_WARN_OBJC_IMPLICIT_RETAIN_SELF = YES;
				CLANG_WARN_OBJC_LITERAL_CONVERSION = YES;
				CLANG_WARN_OBJC_ROOT_CLASS = YES_ERROR;
				CLANG_WARN_QUOTED_INCLUDE_IN_FRAMEWORK_HEADER = YES;
				CLANG_WARN_RANGE_LOOP_ANALYSIS = YES;
				CLANG_WARN_STRICT_PROTOTYPES = YES;
				CLANG_WARN_SUSPICIOUS_MOVE = YES;
				CLANG_WARN_UNGUARDED_AVAILABILITY = YES_AGGRESSIVE;
				CLANG_WARN_UNREACHABLE_CODE = YES;
				CLANG_WARN__DUPLICATE_METHOD_MATCH = YES;
				COPY_PHASE_STRIP = NO;
				DEBUG_INFORMATION_FORMAT = dwarf;
				ENABLE_STRICT_OBJC_MSGSEND = YES;
				ENABLE_TESTABILITY = YES;
				ENABLE_USER_SCRIPT_SANDBOXING = YES;
				GCC_C_LANGUAGE_STANDARD = gnu17;
				GCC_DYNAMIC_NO_PIC = NO;
				GCC_NO_COMMON_BLOCKS = YES;
				GCC_OPTIMIZATION_LEVEL = 0;
				GCC_PREPROCESSOR_DEFINITIONS = (
					"DEBUG=1",
					"$(inherited)",
				);
				GCC_WARN_64_TO_32_BIT_CONVERSION = YES;
				GCC_WARN_ABOUT_RETURN_TYPE = YES_ERROR;
				GCC_WARN_UNDECLARED_SELECTOR = YES;
				GCC_WARN_UNINITIALIZED_AUTOS = YES_AGGRESSIVE;
				GCC_WARN_UNUSED_FUNCTION = YES;
				GCC_WARN_UNUSED_VARIABLE = YES;
				IPHONEOS_DEPLOYMENT_TARGET = 17.0;
				LOCALIZATION_PREFERS_STRING_CATALOGS = YES;
				MTL_ENABLE_DEBUG_INFO = INCLUDE_SOURCE;
				MTL_FAST_MATH = YES;
				ONLY_ACTIVE_ARCH = YES;
				SDKROOT = iphoneos;
				SWIFT_ACTIVE_COMPILATION_CONDITIONS = "DEBUG $(inherited)";
				SWIFT_OPTIMIZATION_LEVEL = "-Onone";
			};
			name = Debug;
		};
		CBEA08472AC72FF20047FB95 /* Release */ = {
			isa = XCBuildConfiguration;
			buildSettings = {
				ALWAYS_SEARCH_USER_PATHS = NO;
				ASSETCATALOG_COMPILER_GENERATE_SWIFT_ASSET_SYMBOL_EXTENSIONS = YES;
				CLANG_ANALYZER_NONNULL = YES;
				CLANG_ANALYZER_NUMBER_OBJECT_CONVERSION = YES_AGGRESSIVE;
				CLANG_CXX_LANGUAGE_STANDARD = "gnu++20";
				CLANG_ENABLE_MODULES = YES;
				CLANG_ENABLE_OBJC_ARC = YES;
				CLANG_ENABLE_OBJC_WEAK = YES;
				CLANG_WARN_BLOCK_CAPTURE_AUTORELEASING = YES;
				CLANG_WARN_BOOL_CONVERSION = YES;
				CLANG_WARN_COMMA = YES;
				CLANG_WARN_CONSTANT_CONVERSION = YES;
				CLANG_WARN_DEPRECATED_OBJC_IMPLEMENTATIONS = YES;
				CLANG_WARN_DIRECT_OBJC_ISA_USAGE = YES_ERROR;
				CLANG_WARN_DOCUMENTATION_COMMENTS = YES;
				CLANG_WARN_EMPTY_BODY = YES;
				CLANG_WARN_ENUM_CONVERSION = YES;
				CLANG_WARN_INFINITE_RECURSION = YES;
				CLANG_WARN_INT_CONVERSION = YES;
				CLANG_WARN_NON_LITERAL_NULL_CONVERSION = YES;
				CLANG_WARN_OBJC_IMPLICIT_RETAIN_SELF = YES;
				CLANG_WARN_OBJC_LITERAL_CONVERSION = YES;
				CLANG_WARN_OBJC_ROOT_CLASS = YES_ERROR;
				CLANG_WARN_QUOTED_INCLUDE_IN_FRAMEWORK_HEADER = YES;
				CLANG_WARN_RANGE_LOOP_ANALYSIS = YES;
				CLANG_WARN_STRICT_PROTOTYPES = YES;
				CLANG_WARN_SUSPICIOUS_MOVE = YES;
				CLANG_WARN_UNGUARDED_AVAILABILITY = YES_AGGRESSIVE;
				CLANG_WARN_UNREACHABLE_CODE = YES;
				CLANG_WARN__DUPLICATE_METHOD_MATCH = YES;
				COPY_PHASE_STRIP = NO;
				DEBUG_INFORMATION_FORMAT = "dwarf-with-dsym";
				ENABLE_NS_ASSERTIONS = NO;
				ENABLE_STRICT_OBJC_MSGSEND = YES;
				ENABLE_USER_SCRIPT_SANDBOXING = YES;
				GCC_C_LANGUAGE_STANDARD = gnu17;
				GCC_NO_COMMON_BLOCKS = YES;
				GCC_WARN_64_TO_32_BIT_CONVERSION = YES;
				GCC_WARN_ABOUT_RETURN_TYPE = YES_ERROR;
				GCC_WARN_UNDECLARED_SELECTOR = YES;
				GCC_WARN_UNINITIALIZED_AUTOS = YES_AGGRESSIVE;
				GCC_WARN_UNUSED_FUNCTION = YES;
				GCC_WARN_UNUSED_VARIABLE = YES;
				IPHONEOS_DEPLOYMENT_TARGET = 17.0;
				LOCALIZATION_PREFERS_STRING_CATALOGS = YES;
				MTL_ENABLE_DEBUG_INFO = NO;
				MTL_FAST_MATH = YES;
				SDKROOT = iphoneos;
				SWIFT_COMPILATION_MODE = wholemodule;
				VALIDATE_PRODUCT = YES;
			};
			name = Release;
		};
		CBEA08492AC72FF20047FB95 /* Debug */ = {
			isa = XCBuildConfiguration;
			buildSettings = {
				ASSETCATALOG_COMPILER_APPICON_NAME = AppIcon;
				ASSETCATALOG_COMPILER_GLOBAL_ACCENT_COLOR_NAME = AccentColor;
				CODE_SIGN_STYLE = Automatic;
				CURRENT_PROJECT_VERSION = 1;
				DEVELOPMENT_ASSET_PATHS = "\"Chat Secure/Preview Content\"";
				DEVELOPMENT_TEAM = 7R244HTUF3;
				ENABLE_PREVIEWS = YES;
				GENERATE_INFOPLIST_FILE = YES;
				INFOPLIST_KEY_UIApplicationSceneManifest_Generation = YES;
				INFOPLIST_KEY_UIApplicationSupportsIndirectInputEvents = YES;
				INFOPLIST_KEY_UILaunchScreen_Generation = YES;
				INFOPLIST_KEY_UISupportedInterfaceOrientations_iPad = "UIInterfaceOrientationPortrait UIInterfaceOrientationPortraitUpsideDown UIInterfaceOrientationLandscapeLeft UIInterfaceOrientationLandscapeRight";
				INFOPLIST_KEY_UISupportedInterfaceOrientations_iPhone = "UIInterfaceOrientationPortrait UIInterfaceOrientationLandscapeLeft UIInterfaceOrientationLandscapeRight";
				LD_RUNPATH_SEARCH_PATHS = (
					"$(inherited)",
					"@executable_path/Frameworks",
				);
				MARKETING_VERSION = 1.0;
				PRODUCT_BUNDLE_IDENTIFIER = "-1.Chat-Secure";
				PRODUCT_NAME = "$(TARGET_NAME)";
				SWIFT_EMIT_LOC_STRINGS = YES;
				SWIFT_VERSION = 5.0;
				TARGETED_DEVICE_FAMILY = "1,2";
			};
			name = Debug;
		};
		CBEA084A2AC72FF20047FB95 /* Release */ = {
			isa = XCBuildConfiguration;
			buildSettings = {
				ASSETCATALOG_COMPILER_APPICON_NAME = AppIcon;
				ASSETCATALOG_COMPILER_GLOBAL_ACCENT_COLOR_NAME = AccentColor;
				CODE_SIGN_STYLE = Automatic;
				CURRENT_PROJECT_VERSION = 1;
				DEVELOPMENT_ASSET_PATHS = "\"Chat Secure/Preview Content\"";
				DEVELOPMENT_TEAM = 7R244HTUF3;
				ENABLE_PREVIEWS = YES;
				GENERATE_INFOPLIST_FILE = YES;
				INFOPLIST_KEY_UIApplicationSceneManifest_Generation = YES;
				INFOPLIST_KEY_UIApplicationSupportsIndirectInputEvents = YES;
				INFOPLIST_KEY_UILaunchScreen_Generation = YES;
				INFOPLIST_KEY_UISupportedInterfaceOrientations_iPad = "UIInterfaceOrientationPortrait UIInterfaceOrientationPortraitUpsideDown UIInterfaceOrientationLandscapeLeft UIInterfaceOrientationLandscapeRight";
				INFOPLIST_KEY_UISupportedInterfaceOrientations_iPhone = "UIInterfaceOrientationPortrait UIInterfaceOrientationLandscapeLeft UIInterfaceOrientationLandscapeRight";
				LD_RUNPATH_SEARCH_PATHS = (
					"$(inherited)",
					"@executable_path/Frameworks",
				);
				MARKETING_VERSION = 1.0;
				PRODUCT_BUNDLE_IDENTIFIER = "-1.Chat-Secure";
				PRODUCT_NAME = "$(TARGET_NAME)";
				SWIFT_EMIT_LOC_STRINGS = YES;
				SWIFT_VERSION = 5.0;
				TARGETED_DEVICE_FAMILY = "1,2";
			};
			name = Release;
		};
		CBEA084C2AC72FF20047FB95 /* Debug */ = {
			isa = XCBuildConfiguration;
			buildSettings = {
				ALWAYS_EMBED_SWIFT_STANDARD_LIBRARIES = YES;
				BUNDLE_LOADER = "$(TEST_HOST)";
				CODE_SIGN_STYLE = Automatic;
				CURRENT_PROJECT_VERSION = 1;
				DEVELOPMENT_TEAM = 7R244HTUF3;
				GENERATE_INFOPLIST_FILE = YES;
				IPHONEOS_DEPLOYMENT_TARGET = 17.0;
				MARKETING_VERSION = 1.0;
				PRODUCT_BUNDLE_IDENTIFIER = "-1.Chat-SecureTests";
				PRODUCT_NAME = "$(TARGET_NAME)";
				SWIFT_EMIT_LOC_STRINGS = NO;
				SWIFT_VERSION = 5.0;
				TARGETED_DEVICE_FAMILY = "1,2";
				TEST_HOST = "$(BUILT_PRODUCTS_DIR)/Chat Secure.app/$(BUNDLE_EXECUTABLE_FOLDER_PATH)/Chat Secure";
			};
			name = Debug;
		};
		CBEA084D2AC72FF20047FB95 /* Release */ = {
			isa = XCBuildConfiguration;
			buildSettings = {
				ALWAYS_EMBED_SWIFT_STANDARD_LIBRARIES = YES;
				BUNDLE_LOADER = "$(TEST_HOST)";
				CODE_SIGN_STYLE = Automatic;
				CURRENT_PROJECT_VERSION = 1;
				DEVELOPMENT_TEAM = 7R244HTUF3;
				GENERATE_INFOPLIST_FILE = YES;
				IPHONEOS_DEPLOYMENT_TARGET = 17.0;
				MARKETING_VERSION = 1.0;
				PRODUCT_BUNDLE_IDENTIFIER = "-1.Chat-SecureTests";
				PRODUCT_NAME = "$(TARGET_NAME)";
				SWIFT_EMIT_LOC_STRINGS = NO;
				SWIFT_VERSION = 5.0;
				TARGETED_DEVICE_FAMILY = "1,2";
				TEST_HOST = "$(BUILT_PRODUCTS_DIR)/Chat Secure.app/$(BUNDLE_EXECUTABLE_FOLDER_PATH)/Chat Secure";
			};
			name = Release;
		};
		CBEA084F2AC72FF20047FB95 /* Debug */ = {
			isa = XCBuildConfiguration;
			buildSettings = {
				ALWAYS_EMBED_SWIFT_STANDARD_LIBRARIES = YES;
				CODE_SIGN_STYLE = Automatic;
				CURRENT_PROJECT_VERSION = 1;
				DEVELOPMENT_TEAM = 7R244HTUF3;
				GENERATE_INFOPLIST_FILE = YES;
				MARKETING_VERSION = 1.0;
				PRODUCT_BUNDLE_IDENTIFIER = "-1.Chat-SecureUITests";
				PRODUCT_NAME = "$(TARGET_NAME)";
				SWIFT_EMIT_LOC_STRINGS = NO;
				SWIFT_VERSION = 5.0;
				TARGETED_DEVICE_FAMILY = "1,2";
				TEST_TARGET_NAME = "Chat Secure";
			};
			name = Debug;
		};
		CBEA08502AC72FF20047FB95 /* Release */ = {
			isa = XCBuildConfiguration;
			buildSettings = {
				ALWAYS_EMBED_SWIFT_STANDARD_LIBRARIES = YES;
				CODE_SIGN_STYLE = Automatic;
				CURRENT_PROJECT_VERSION = 1;
				DEVELOPMENT_TEAM = 7R244HTUF3;
				GENERATE_INFOPLIST_FILE = YES;
				MARKETING_VERSION = 1.0;
				PRODUCT_BUNDLE_IDENTIFIER = "-1.Chat-SecureUITests";
				PRODUCT_NAME = "$(TARGET_NAME)";
				SWIFT_EMIT_LOC_STRINGS = NO;
				SWIFT_VERSION = 5.0;
				TARGETED_DEVICE_FAMILY = "1,2";
				TEST_TARGET_NAME = "Chat Secure";
			};
			name = Release;
		};
/* End XCBuildConfiguration section */

/* Begin XCConfigurationList section */
		CBEA081F2AC72FF00047FB95 /* Build configuration list for PBXProject "Chat Secure" */ = {
			isa = XCConfigurationList;
			buildConfigurations = (
				CBEA08462AC72FF20047FB95 /* Debug */,
				CBEA08472AC72FF20047FB95 /* Release */,
			);
			defaultConfigurationIsVisible = 0;
			defaultConfigurationName = Release;
		};
		CBEA08482AC72FF20047FB95 /* Build configuration list for PBXNativeTarget "Chat Secure" */ = {
			isa = XCConfigurationList;
			buildConfigurations = (
				CBEA08492AC72FF20047FB95 /* Debug */,
				CBEA084A2AC72FF20047FB95 /* Release */,
			);
			defaultConfigurationIsVisible = 0;
			defaultConfigurationName = Release;
		};
		CBEA084B2AC72FF20047FB95 /* Build configuration list for PBXNativeTarget "Chat SecureTests" */ = {
			isa = XCConfigurationList;
			buildConfigurations = (
				CBEA084C2AC72FF20047FB95 /* Debug */,
				CBEA084D2AC72FF20047FB95 /* Release */,
			);
			defaultConfigurationIsVisible = 0;
			defaultConfigurationName = Release;
		};
		CBEA084E2AC72FF20047FB95 /* Build configuration list for PBXNativeTarget "Chat SecureUITests" */ = {
			isa = XCConfigurationList;
			buildConfigurations = (
				CBEA084F2AC72FF20047FB95 /* Debug */,
				CBEA08502AC72FF20047FB95 /* Release */,
			);
			defaultConfigurationIsVisible = 0;
			defaultConfigurationName = Release;
		};
/* End XCConfigurationList section */
	};
	rootObject = CBEA081C2AC72FF00047FB95 /* Project object */;
}
